<?xml version="1.0" encoding="utf-8"?>
<Project ToolsVersion="4.0" xmlns="http://schemas.microsoft.com/developer/msbuild/2003">
  <ItemGroup>
    <Filter Include="Source Files">
      <UniqueIdentifier>{4FC737F1-C7A5-4376-A066-2A32D752A2FF}</UniqueIdentifier>
      <Extensions>cpp;c;cc;cxx;def;odl;idl;hpj;bat;asm;asmx</Extensions>
    </Filter>
    <Filter Include="Source Files\Common">
      <UniqueIdentifier>{e5a2e642-9c96-4430-81dc-1ab6d2100e01}</UniqueIdentifier>
    </Filter>
  </ItemGroup>
  <ItemGroup>
    <ClCompile Include="PINT_ReactPhysics3D_0_6_0.cpp">
      <Filter>Source Files</Filter>
    </ClCompile>
    <ClCompile Include="stdafx.cpp">
      <Filter>Source Files</Filter>
    </ClCompile>
    <ClCompile Include="..\PINT_Common\PINT_Common.cpp">
      <Filter>Source Files\Common</Filter>
    </ClCompile>
    <ClCompile Include="..\PINT_Common\PINT_CommonReactPhysics3D.cpp">
      <Filter>Source Files\Common</Filter>
    </ClCompile>
  </ItemGroup>
  <ItemGroup>
    <ClInclude Include="PINT_ReactPhysics3D_0_6_0.h">
      <Filter>Source Files</Filter>
    </ClInclude>
    <ClInclude Include="stdafx.h">
      <Filter>Source Files</Filter>
    </ClInclude>
    <ClInclude Include="..\PINT_Common\PINT_Common.h">
      <Filter>Source Files\Common</Filter>
    </ClInclude>
    <ClInclude Include="..\PINT_Common\PINT_CommonReactPhysics3D.h">
      <Filter>Source Files\Common</Filter>
    </ClInclude>
    <ClInclude Include="..\PINT_Common\PINT_Ice.h">
      <Filter>Source Files\Common</Filter>
    </ClInclude>
  </ItemGroup>
</Project>