<?xml version="1.0" encoding="utf-8"?>
<Project ToolsVersion="4.0" xmlns="http://schemas.microsoft.com/developer/msbuild/2003">
  <ItemGroup>
    <Filter Include="Source Files">
      <UniqueIdentifier>{4FC737F1-C7A5-4376-A066-2A32D752A2FF}</UniqueIdentifier>
      <Extensions>cpp;c;cc;cxx;def;odl;idl;hpj;bat;asm;asmx</Extensions>
    </Filter>
    <Filter Include="Source Files\Common">
      <UniqueIdentifier>{12a6ed60-7a82-449f-817f-ed1620fdbb57}</UniqueIdentifier>
    </Filter>
    <Filter Include="Source Files\Extensions">
      <UniqueIdentifier>{f3a58481-5802-4fe5-ad17-58f134b0d065}</UniqueIdentifier>
    </Filter>
  </ItemGroup>
  <ItemGroup>
    <ClCompile Include="DelayLoad.cpp">
      <Filter>Source Files</Filter>
    </ClCompile>
    <ClCompile Include="PINT_PhysX34.cpp">
      <Filter>Source Files</Filter>
    </ClCompile>
    <ClCompile Include="stdafx.cpp">
      <Filter>Source Files</Filter>
    </ClCompile>
    <ClCompile Include="..\PINT_Common\PINT_Common.cpp">
      <Filter>Source Files\Common</Filter>
    </ClCompile>
    <ClCompile Include="..\PINT_Common\PINT_CommonPhysX3.cpp">
      <Filter>Source Files\Common</Filter>
    </ClCompile>
    <ClCompile Include="..\PINT_Common\PINT_CommonPhysX3_Vehicles.cpp">
      <Filter>Source Files\Common</Filter>
    </ClCompile>
    <ClCompile Include="Extensions\ExtBroadPhase.cpp">
      <Filter>Source Files\Extensions</Filter>
    </ClCompile>
    <ClCompile Include="Extensions\ExtClothFabricCooker.cpp">
      <Filter>Source Files\Extensions</Filter>
    </ClCompile>
    <ClCompile Include="Extensions\ExtClothGeodesicTetherCooker.cpp">
      <Filter>Source Files\Extensions</Filter>
    </ClCompile>
    <ClCompile Include="Extensions\ExtClothMeshQuadifier.cpp">
      <Filter>Source Files\Extensions</Filter>
    </ClCompile>
    <ClCompile Include="Extensions\ExtClothSimpleTetherCooker.cpp">
      <Filter>Source Files\Extensions</Filter>
    </ClCompile>
    <ClCompile Include="Extensions\ExtCollection.cpp">
      <Filter>Source Files\Extensions</Filter>
    </ClCompile>
    <ClCompile Include="Extensions\ExtConvexMeshExt.cpp">
      <Filter>Source Files\Extensions</Filter>
    </ClCompile>
    <ClCompile Include="Extensions\ExtCpuWorkerThread.cpp">
      <Filter>Source Files\Extensions</Filter>
    </ClCompile>
    <ClCompile Include="Extensions\ExtD6Joint.cpp">
      <Filter>Source Files\Extensions</Filter>
    </ClCompile>
    <ClCompile Include="Extensions\ExtD6JointSolverPrep.cpp">
      <Filter>Source Files\Extensions</Filter>
    </ClCompile>
    <ClCompile Include="Extensions\ExtDefaultCpuDispatcher.cpp">
      <Filter>Source Files\Extensions</Filter>
    </ClCompile>
    <ClCompile Include="Extensions\ExtDefaultErrorCallback.cpp">
      <Filter>Source Files\Extensions</Filter>
    </ClCompile>
    <ClCompile Include="Extensions\ExtDefaultSimulationFilterShader.cpp">
      <Filter>Source Files\Extensions</Filter>
    </ClCompile>
    <ClCompile Include="Extensions\ExtDefaultStreams.cpp">
      <Filter>Source Files\Extensions</Filter>
    </ClCompile>
    <ClCompile Include="Extensions\ExtDistanceJoint.cpp">
      <Filter>Source Files\Extensions</Filter>
    </ClCompile>
    <ClCompile Include="Extensions\ExtDistanceJointSolverPrep.cpp">
      <Filter>Source Files\Extensions</Filter>
    </ClCompile>
    <ClCompile Include="Extensions\ExtExtensions.cpp">
      <Filter>Source Files\Extensions</Filter>
    </ClCompile>
    <ClCompile Include="Extensions\ExtFixedJoint.cpp">
      <Filter>Source Files\Extensions</Filter>
    </ClCompile>
    <ClCompile Include="Extensions\ExtFixedJointSolverPrep.cpp">
      <Filter>Source Files\Extensions</Filter>
    </ClCompile>
    <ClCompile Include="Extensions\ExtJoint.cpp">
      <Filter>Source Files\Extensions</Filter>
    </ClCompile>
    <ClCompile Include="Extensions\ExtParticleExt.cpp">
      <Filter>Source Files\Extensions</Filter>
    </ClCompile>
    <ClCompile Include="Extensions\ExtPrismaticJoint.cpp">
      <Filter>Source Files\Extensions</Filter>
    </ClCompile>
    <ClCompile Include="Extensions\ExtPrismaticJointSolverPrep.cpp">
      <Filter>Source Files\Extensions</Filter>
    </ClCompile>
    <ClCompile Include="Extensions\ExtPvd.cpp">
      <Filter>Source Files\Extensions</Filter>
    </ClCompile>
    <ClCompile Include="Extensions\ExtPxStringTable.cpp">
      <Filter>Source Files\Extensions</Filter>
    </ClCompile>
    <ClCompile Include="Extensions\ExtRaycastCCD.cpp">
      <Filter>Source Files\Extensions</Filter>
    </ClCompile>
    <ClCompile Include="Extensions\ExtRevoluteJoint.cpp">
      <Filter>Source Files\Extensions</Filter>
    </ClCompile>
    <ClCompile Include="Extensions\ExtRevoluteJointSolverPrep.cpp">
      <Filter>Source Files\Extensions</Filter>
    </ClCompile>
    <ClCompile Include="Extensions\ExtRigidBodyExt.cpp">
      <Filter>Source Files\Extensions</Filter>
    </ClCompile>
    <ClCompile Include="Extensions\ExtSceneQueryExt.cpp">
      <Filter>Source Files\Extensions</Filter>
    </ClCompile>
    <ClCompile Include="Extensions\ExtSimpleFactory.cpp">
      <Filter>Source Files\Extensions</Filter>
    </ClCompile>
    <ClCompile Include="Extensions\ExtSmoothNormals.cpp">
      <Filter>Source Files\Extensions</Filter>
    </ClCompile>
    <ClCompile Include="Extensions\ExtSphericalJoint.cpp">
      <Filter>Source Files\Extensions</Filter>
    </ClCompile>
    <ClCompile Include="Extensions\ExtSphericalJointSolverPrep.cpp">
      <Filter>Source Files\Extensions</Filter>
    </ClCompile>
    <ClCompile Include="Extensions\ExtTriangleMeshExt.cpp">
      <Filter>Source Files\Extensions</Filter>
    </ClCompile>
  </ItemGroup>
  <ItemGroup>
    <ClInclude Include="PINT_PhysX34.h">
      <Filter>Source Files</Filter>
    </ClInclude>
    <ClInclude Include="SampleVehicle.h">
      <Filter>Source Files</Filter>
    </ClInclude>
    <ClInclude Include="stdafx.h">
      <Filter>Source Files</Filter>
    </ClInclude>
    <ClInclude Include="..\PINT_Common\PINT_Common.h">
      <Filter>Source Files\Common</Filter>
    </ClInclude>
    <ClInclude Include="..\PINT_Common\PINT_CommonPhysX3.h">
      <Filter>Source Files\Common</Filter>
    </ClInclude>
    <ClInclude Include="..\PINT_Common\PINT_CommonPhysX3_Vehicles.h">
      <Filter>Source Files\Common</Filter>
    </ClInclude>
    <ClInclude Include="..\PINT_Common\PINT_Ice.h">
      <Filter>Source Files\Common</Filter>
    </ClInclude>
    <ClInclude Include="Extensions\ExtConstraintHelper.h">
      <Filter>Source Files\Extensions</Filter>
    </ClInclude>
    <ClInclude Include="Extensions\ExtCpuWorkerThread.h">
      <Filter>Source Files\Extensions</Filter>
    </ClInclude>
    <ClInclude Include="Extensions\ExtD6Joint.h">
      <Filter>Source Files\Extensions</Filter>
    </ClInclude>
    <ClInclude Include="Extensions\ExtDefaultCpuDispatcher.h">
      <Filter>Source Files\Extensions</Filter>
    </ClInclude>
    <ClInclude Include="Extensions\ExtDistanceJoint.h">
      <Filter>Source Files\Extensions</Filter>
    </ClInclude>
    <ClInclude Include="Extensions\ExtFixedJoint.h">
      <Filter>Source Files\Extensions</Filter>
    </ClInclude>
    <ClInclude Include="Extensions\ExtInertiaTensor.h">
      <Filter>Source Files\Extensions</Filter>
    </ClInclude>
    <ClInclude Include="Extensions\ExtJoint.h">
      <Filter>Source Files\Extensions</Filter>
    </ClInclude>
    <ClInclude Include="Extensions\ExtJointMetaDataExtensions.h">
      <Filter>Source Files\Extensions</Filter>
    </ClInclude>
    <ClInclude Include="Extensions\ExtPlatform.h">
      <Filter>Source Files\Extensions</Filter>
    </ClInclude>
    <ClInclude Include="Extensions\ExtPrismaticJoint.h">
      <Filter>Source Files\Extensions</Filter>
    </ClInclude>
    <ClInclude Include="Extensions\ExtPvd.h">
      <Filter>Source Files\Extensions</Filter>
    </ClInclude>
    <ClInclude Include="Extensions\ExtRevoluteJoint.h">
      <Filter>Source Files\Extensions</Filter>
    </ClInclude>
    <ClInclude Include="Extensions\ExtSerialization.h">
      <Filter>Source Files\Extensions</Filter>
    </ClInclude>
    <ClInclude Include="Extensions\ExtSharedQueueEntryPool.h">
      <Filter>Source Files\Extensions</Filter>
    </ClInclude>
    <ClInclude Include="Extensions\ExtSphericalJoint.h">
      <Filter>Source Files\Extensions</Filter>
    </ClInclude>
    <ClInclude Include="Extensions\ExtTaskQueueHelper.h">
      <Filter>Source Files\Extensions</Filter>
    </ClInclude>
  </ItemGroup>
</Project>